
Microsoft Visual Studio Solution File, Format Version 12.00
# Visual Studio Version 17
VisualStudioVersion = 17.14.36327.8 d17.14
MinimumVisualStudioVersion = 10.0.40219.1
Project("{FAE04EC0-301F-11D3-BF4B-00C04F79EFBC}") = "RM_HARI_3", "RM_HARI_3\RM_HARI_3.csproj", "{4482004E-DFF6-4A42-AD40-0FD8DBC93FA9}"
EndProject
Global
	GlobalSection(SolutionConfigurationPlatforms) = preSolution
		Debug|Any CPU = Debug|Any CPU
		Release|Any CPU = Release|Any CPU
	EndGlobalSection
	GlobalSection(ProjectConfigurationPlatforms) = postSolution
		{4482004E-DFF6-4A42-AD40-0FD8DBC93FA9}.Debug|Any CPU.ActiveCfg = Debug|Any CPU
		{4482004E-DFF6-4A42-AD40-0FD8DBC93FA9}.Debug|Any CPU.Build.0 = Debug|Any CPU
		{4482004E-DFF6-4A42-AD40-0FD8DBC93FA9}.Release|Any CPU.ActiveCfg = Release|Any CPU
		{4482004E-DFF6-4A42-AD40-0FD8DBC93FA9}.Release|Any CPU.Build.0 = Release|Any CPU
	EndGlobalSection
	GlobalSection(SolutionProperties) = preSolution
		HideSolutionNode = FALSE
	EndGlobalSection
	GlobalSection(ExtensibilityGlobals) = postSolution
		SolutionGuid = {BF2B16FE-D50F-4ECD-9551-D52AFD73041B}
	EndGlobalSection
EndGlobal
